
Microsoft Visual Studio Solution File, Format Version 12.00
# Visual Studio Version 16
VisualStudioVersion = 16.0.30413.136
MinimumVisualStudioVersion = 10.0.40219.1
Project("{FAE04EC0-301F-11D3-BF4B-00C04F79EFBC}") = "RubicX-Server", "RubicX-Server\RubicX-Server.csproj", "{BCEC7E52-4B36-4C93-B180-97F0CD771F07}"
EndProject
Global
	GlobalSection(SolutionConfigurationPlatforms) = preSolution
		Debug|Any CPU = Debug|Any CPU
		Release|Any CPU = Release|Any CPU
	EndGlobalSection
	GlobalSection(ProjectConfigurationPlatforms) = postSolution
		{BCEC7E52-4B36-4C93-B180-97F0CD771F07}.Debug|Any CPU.ActiveCfg = Debug|Any CPU
		{BCEC7E52-4B36-4C93-B180-97F0CD771F07}.Debug|Any CPU.Build.0 = Debug|Any CPU
		{BCEC7E52-4B36-4C93-B180-97F0CD771F07}.Release|Any CPU.ActiveCfg = Release|Any CPU
		{BCEC7E52-4B36-4C93-B180-97F0CD771F07}.Release|Any CPU.Build.0 = Release|Any CPU
	EndGlobalSection
	GlobalSection(SolutionProperties) = preSolution
		HideSolutionNode = FALSE
	EndGlobalSection
	GlobalSection(ExtensibilityGlobals) = postSolution
		SolutionGuid = {B4B3F988-0A59-432F-ADB6-93FF2BC314EF}
	EndGlobalSection
EndGlobal
